// !$*UTF8*$!
{
	archiveVersion = 1;
	classes = {
	};
	objectVersion = 50;
	objects = {

/* Begin PBXBuildFile section */
		8E8DE84F214B1389008E2FCC /* AppDelegate.swift in Sources */ = {isa = PBXBuildFile; fileRef = 8E8DE84E214B1389008E2FCC /* AppDelegate.swift */; };
		8E8DE856214B138B008E2FCC /* Assets.xcassets in Resources */ = {isa = PBXBuildFile; fileRef = 8E8DE855214B138B008E2FCC /* Assets.xcassets */; };
		8E8DE859214B138B008E2FCC /* LaunchScreen.storyboard in Resources */ = {isa = PBXBuildFile; fileRef = 8E8DE857214B138B008E2FCC /* LaunchScreen.storyboard */; };
		8E8DE86B214B14B6008E2FCC /* List.storyboard in Resources */ = {isa = PBXBuildFile; fileRef = 8E8DE86A214B14B6008E2FCC /* List.storyboard */; };
		8E8DE86D214B14F4008E2FCC /* ListController.swift in Sources */ = {isa = PBXBuildFile; fileRef = 8E8DE86C214B14F4008E2FCC /* ListController.swift */; };
		8E8DE86F214B1505008E2FCC /* ListPresenterView.swift in Sources */ = {isa = PBXBuildFile; fileRef = 8E8DE86E214B1505008E2FCC /* ListPresenterView.swift */; };
		8E8DE871214B15AB008E2FCC /* ListPresenter.swift in Sources */ = {isa = PBXBuildFile; fileRef = 8E8DE870214B15AB008E2FCC /* ListPresenter.swift */; };
		8E8DE873214B15BE008E2FCC /* ListPresenterRouter.swift in Sources */ = {isa = PBXBuildFile; fileRef = 8E8DE872214B15BE008E2FCC /* ListPresenterRouter.swift */; };
		8E8DE875214B1776008E2FCC /* Detail.storyboard in Resources */ = {isa = PBXBuildFile; fileRef = 8E8DE874214B1776008E2FCC /* Detail.storyboard */; };
		8E8DE877214B1790008E2FCC /* DetailController.swift in Sources */ = {isa = PBXBuildFile; fileRef = 8E8DE876214B1790008E2FCC /* DetailController.swift */; };
		8E8DE879214B17A5008E2FCC /* DetailPresenterView.swift in Sources */ = {isa = PBXBuildFile; fileRef = 8E8DE878214B17A5008E2FCC /* DetailPresenterView.swift */; };
		8E8DE87B214B17B3008E2FCC /* DetailPresenter.swift in Sources */ = {isa = PBXBuildFile; fileRef = 8E8DE87A214B17B3008E2FCC /* DetailPresenter.swift */; };
		8E8DE87D214B17C1008E2FCC /* DetailPresenterRouter.swift in Sources */ = {isa = PBXBuildFile; fileRef = 8E8DE87C214B17C1008E2FCC /* DetailPresenterRouter.swift */; };
		8E8DE880214B2018008E2FCC /* ListService.swift in Sources */ = {isa = PBXBuildFile; fileRef = 8E8DE87F214B2018008E2FCC /* ListService.swift */; };
		8E8DE884214B261A008E2FCC /* ListCell.swift in Sources */ = {isa = PBXBuildFile; fileRef = 8E8DE882214B261A008E2FCC /* ListCell.swift */; };
		8E8DE885214B261A008E2FCC /* ListCell.xib in Resources */ = {isa = PBXBuildFile; fileRef = 8E8DE883214B261A008E2FCC /* ListCell.xib */; };
		8E8DE887214B2631008E2FCC /* ListCellPresenterView.swift in Sources */ = {isa = PBXBuildFile; fileRef = 8E8DE886214B2631008E2FCC /* ListCellPresenterView.swift */; };
		8E8DE889214B392C008E2FCC /* Create.storyboard in Resources */ = {isa = PBXBuildFile; fileRef = 8E8DE888214B392C008E2FCC /* Create.storyboard */; };
		8E8DE88B214B3945008E2FCC /* CreateController.swift in Sources */ = {isa = PBXBuildFile; fileRef = 8E8DE88A214B3945008E2FCC /* CreateController.swift */; };
		8E8DE88D214B3956008E2FCC /* CreatePresenterView.swift in Sources */ = {isa = PBXBuildFile; fileRef = 8E8DE88C214B3956008E2FCC /* CreatePresenterView.swift */; };
		8E8DE88F214B3960008E2FCC /* CreatePresenter.swift in Sources */ = {isa = PBXBuildFile; fileRef = 8E8DE88E214B3960008E2FCC /* CreatePresenter.swift */; };
		8E8DE891214B3968008E2FCC /* CreatePresenterRouter.swift in Sources */ = {isa = PBXBuildFile; fileRef = 8E8DE890214B3968008E2FCC /* CreatePresenterRouter.swift */; };
/* End PBXBuildFile section */

/* Begin PBXFileReference section */
		8E8DE84B214B1388008E2FCC /* mvp-example.app */ = {isa = PBXFileReference; explicitFileType = wrapper.application; includeInIndex = 0; path = "mvp-example.app"; sourceTree = BUILT_PRODUCTS_DIR; };
		8E8DE84E214B1389008E2FCC /* AppDelegate.swift */ = {isa = PBXFileReference; lastKnownFileType = sourcecode.swift; path = AppDelegate.swift; sourceTree = "<group>"; };
		8E8DE855214B138B008E2FCC /* Assets.xcassets */ = {isa = PBXFileReference; lastKnownFileType = folder.assetcatalog; path = Assets.xcassets; sourceTree = "<group>"; };
		8E8DE858214B138B008E2FCC /* Base */ = {isa = PBXFileReference; lastKnownFileType = file.storyboard; name = Base; path = Base.lproj/LaunchScreen.storyboard; sourceTree = "<group>"; };
		8E8DE85A214B138B008E2FCC /* Info.plist */ = {isa = PBXFileReference; lastKnownFileType = text.plist.xml; path = Info.plist; sourceTree = "<group>"; };
		8E8DE86A214B14B6008E2FCC /* List.storyboard */ = {isa = PBXFileReference; lastKnownFileType = file.storyboard; path = List.storyboard; sourceTree = "<group>"; };
		8E8DE86C214B14F4008E2FCC /* ListController.swift */ = {isa = PBXFileReference; lastKnownFileType = sourcecode.swift; path = ListController.swift; sourceTree = "<group>"; };
		8E8DE86E214B1505008E2FCC /* ListPresenterView.swift */ = {isa = PBXFileReference; lastKnownFileType = sourcecode.swift; path = ListPresenterView.swift; sourceTree = "<group>"; };
		8E8DE870214B15AB008E2FCC /* ListPresenter.swift */ = {isa = PBXFileReference; lastKnownFileType = sourcecode.swift; path = ListPresenter.swift; sourceTree = "<group>"; };
		8E8DE872214B15BE008E2FCC /* ListPresenterRouter.swift */ = {isa = PBXFileReference; lastKnownFileType = sourcecode.swift; path = ListPresenterRouter.swift; sourceTree = "<group>"; };
		8E8DE874214B1776008E2FCC /* Detail.storyboard */ = {isa = PBXFileReference; lastKnownFileType = file.storyboard; path = Detail.storyboard; sourceTree = "<group>"; };
		8E8DE876214B1790008E2FCC /* DetailController.swift */ = {isa = PBXFileReference; lastKnownFileType = sourcecode.swift; path = DetailController.swift; sourceTree = "<group>"; };
		8E8DE878214B17A5008E2FCC /* DetailPresenterView.swift */ = {isa = PBXFileReference; lastKnownFileType = sourcecode.swift; path = DetailPresenterView.swift; sourceTree = "<group>"; };
		8E8DE87A214B17B3008E2FCC /* DetailPresenter.swift */ = {isa = PBXFileReference; lastKnownFileType = sourcecode.swift; path = DetailPresenter.swift; sourceTree = "<group>"; };
		8E8DE87C214B17C1008E2FCC /* DetailPresenterRouter.swift */ = {isa = PBXFileReference; lastKnownFileType = sourcecode.swift; path = DetailPresenterRouter.swift; sourceTree = "<group>"; };
		8E8DE87F214B2018008E2FCC /* ListService.swift */ = {isa = PBXFileReference; lastKnownFileType = sourcecode.swift; path = ListService.swift; sourceTree = "<group>"; };
		8E8DE882214B261A008E2FCC /* ListCell.swift */ = {isa = PBXFileReference; lastKnownFileType = sourcecode.swift; path = ListCell.swift; sourceTree = "<group>"; };
		8E8DE883214B261A008E2FCC /* ListCell.xib */ = {isa = PBXFileReference; lastKnownFileType = file.xib; path = ListCell.xib; sourceTree = "<group>"; };
		8E8DE886214B2631008E2FCC /* ListCellPresenterView.swift */ = {isa = PBXFileReference; lastKnownFileType = sourcecode.swift; path = ListCellPresenterView.swift; sourceTree = "<group>"; };
		8E8DE888214B392C008E2FCC /* Create.storyboard */ = {isa = PBXFileReference; lastKnownFileType = file.storyboard; path = Create.storyboard; sourceTree = "<group>"; };
		8E8DE88A214B3945008E2FCC /* CreateController.swift */ = {isa = PBXFileReference; lastKnownFileType = sourcecode.swift; path = CreateController.swift; sourceTree = "<group>"; };
		8E8DE88C214B3956008E2FCC /* CreatePresenterView.swift */ = {isa = PBXFileReference; lastKnownFileType = sourcecode.swift; path = CreatePresenterView.swift; sourceTree = "<group>"; };
		8E8DE88E214B3960008E2FCC /* CreatePresenter.swift */ = {isa = PBXFileReference; lastKnownFileType = sourcecode.swift; path = CreatePresenter.swift; sourceTree = "<group>"; };
		8E8DE890214B3968008E2FCC /* CreatePresenterRouter.swift */ = {isa = PBXFileReference; lastKnownFileType = sourcecode.swift; path = CreatePresenterRouter.swift; sourceTree = "<group>"; };
/* End PBXFileReference section */

/* Begin PBXFrameworksBuildPhase section */
		8E8DE848214B1388008E2FCC /* Frameworks */ = {
			isa = PBXFrameworksBuildPhase;
			buildActionMask = 2147483647;
			files = (
			);
			runOnlyForDeploymentPostprocessing = 0;
		};
/* End PBXFrameworksBuildPhase section */

/* Begin PBXGroup section */
		8E8DE842214B1388008E2FCC = {
			isa = PBXGroup;
			children = (
				8E8DE84D214B1388008E2FCC /* mvp-example */,
				8E8DE84C214B1388008E2FCC /* Products */,
			);
			sourceTree = "<group>";
		};
		8E8DE84C214B1388008E2FCC /* Products */ = {
			isa = PBXGroup;
			children = (
				8E8DE84B214B1388008E2FCC /* mvp-example.app */,
			);
			name = Products;
			sourceTree = "<group>";
		};
		8E8DE84D214B1388008E2FCC /* mvp-example */ = {
			isa = PBXGroup;
			children = (
				8E8DE87E214B1FF9008E2FCC /* API */,
				8E8DE860214B144F008E2FCC /* Scenes */,
				8E8DE84E214B1389008E2FCC /* AppDelegate.swift */,
				8E8DE855214B138B008E2FCC /* Assets.xcassets */,
				8E8DE857214B138B008E2FCC /* LaunchScreen.storyboard */,
				8E8DE85A214B138B008E2FCC /* Info.plist */,
			);
			path = "mvp-example";
			sourceTree = "<group>";
		};
		8E8DE860214B144F008E2FCC /* Scenes */ = {
			isa = PBXGroup;
			children = (
				8E8DE861214B1467008E2FCC /* List */,
				8E8DE863214B1479008E2FCC /* Create */,
				8E8DE862214B1470008E2FCC /* Detail */,
			);
			path = Scenes;
			sourceTree = "<group>";
		};
		8E8DE861214B1467008E2FCC /* List */ = {
			isa = PBXGroup;
			children = (
				8E8DE865214B148D008E2FCC /* Presenter */,
				8E8DE864214B1488008E2FCC /* View */,
			);
			path = List;
			sourceTree = "<group>";
		};
		8E8DE862214B1470008E2FCC /* Detail */ = {
			isa = PBXGroup;
			children = (
				8E8DE869214B14A3008E2FCC /* Presenter */,
				8E8DE868214B14A0008E2FCC /* View */,
			);
			path = Detail;
			sourceTree = "<group>";
		};
		8E8DE863214B1479008E2FCC /* Create */ = {
			isa = PBXGroup;
			children = (
				8E8DE867214B149B008E2FCC /* Presenter */,
				8E8DE866214B1497008E2FCC /* View */,
			);
			path = Create;
			sourceTree = "<group>";
		};
		8E8DE864214B1488008E2FCC /* View */ = {
			isa = PBXGroup;
			children = (
				8E8DE881214B25C0008E2FCC /* ListCell */,
				8E8DE86A214B14B6008E2FCC /* List.storyboard */,
				8E8DE86C214B14F4008E2FCC /* ListController.swift */,
				8E8DE86E214B1505008E2FCC /* ListPresenterView.swift */,
			);
			path = View;
			sourceTree = "<group>";
		};
		8E8DE865214B148D008E2FCC /* Presenter */ = {
			isa = PBXGroup;
			children = (
				8E8DE870214B15AB008E2FCC /* ListPresenter.swift */,
				8E8DE872214B15BE008E2FCC /* ListPresenterRouter.swift */,
			);
			path = Presenter;
			sourceTree = "<group>";
		};
		8E8DE866214B1497008E2FCC /* View */ = {
			isa = PBXGroup;
			children = (
				8E8DE888214B392C008E2FCC /* Create.storyboard */,
				8E8DE88A214B3945008E2FCC /* CreateController.swift */,
				8E8DE88C214B3956008E2FCC /* CreatePresenterView.swift */,
			);
			path = View;
			sourceTree = "<group>";
		};
		8E8DE867214B149B008E2FCC /* Presenter */ = {
			isa = PBXGroup;
			children = (
				8E8DE88E214B3960008E2FCC /* CreatePresenter.swift */,
				8E8DE890214B3968008E2FCC /* CreatePresenterRouter.swift */,
			);
			path = Presenter;
			sourceTree = "<group>";
		};
		8E8DE868214B14A0008E2FCC /* View */ = {
			isa = PBXGroup;
			children = (
				8E8DE874214B1776008E2FCC /* Detail.storyboard */,
				8E8DE876214B1790008E2FCC /* DetailController.swift */,
				8E8DE878214B17A5008E2FCC /* DetailPresenterView.swift */,
			);
			path = View;
			sourceTree = "<group>";
		};
		8E8DE869214B14A3008E2FCC /* Presenter */ = {
			isa = PBXGroup;
			children = (
				8E8DE87A214B17B3008E2FCC /* DetailPresenter.swift */,
				8E8DE87C214B17C1008E2FCC /* DetailPresenterRouter.swift */,
			);
			path = Presenter;
			sourceTree = "<group>";
		};
		8E8DE87E214B1FF9008E2FCC /* API */ = {
			isa = PBXGroup;
			children = (
				8E8DE87F214B2018008E2FCC /* ListService.swift */,
			);
			path = API;
			sourceTree = "<group>";
		};
		8E8DE881214B25C0008E2FCC /* ListCell */ = {
			isa = PBXGroup;
			children = (
				8E8DE883214B261A008E2FCC /* ListCell.xib */,
				8E8DE882214B261A008E2FCC /* ListCell.swift */,
				8E8DE886214B2631008E2FCC /* ListCellPresenterView.swift */,
			);
			path = ListCell;
			sourceTree = "<group>";
		};
/* End PBXGroup section */

/* Begin PBXNativeTarget section */
		8E8DE84A214B1388008E2FCC /* mvp-example */ = {
			isa = PBXNativeTarget;
			buildConfigurationList = 8E8DE85D214B138B008E2FCC /* Build configuration list for PBXNativeTarget "mvp-example" */;
			buildPhases = (
				8E8DE847214B1388008E2FCC /* Sources */,
				8E8DE848214B1388008E2FCC /* Frameworks */,
				8E8DE849214B1388008E2FCC /* Resources */,
			);
			buildRules = (
			);
			dependencies = (
			);
			name = "mvp-example";
			productName = "mvp-example";
			productReference = 8E8DE84B214B1388008E2FCC /* mvp-example.app */;
			productType = "com.apple.product-type.application";
		};
/* End PBXNativeTarget section */

/* Begin PBXProject section */
		8E8DE843214B1388008E2FCC /* Project object */ = {
			isa = PBXProject;
			attributes = {
				LastSwiftUpdateCheck = 0940;
				LastUpgradeCheck = 0940;
				TargetAttributes = {
					8E8DE84A214B1388008E2FCC = {
						CreatedOnToolsVersion = 9.4.1;
					};
				};
			};
			buildConfigurationList = 8E8DE846214B1388008E2FCC /* Build configuration list for PBXProject "mvp-example" */;
			compatibilityVersion = "Xcode 9.3";
			developmentRegion = en;
			hasScannedForEncodings = 0;
			knownRegions = (
				en,
				Base,
			);
			mainGroup = 8E8DE842214B1388008E2FCC;
			productRefGroup = 8E8DE84C214B1388008E2FCC /* Products */;
			projectDirPath = "";
			projectRoot = "";
			targets = (
				8E8DE84A214B1388008E2FCC /* mvp-example */,
			);
		};
/* End PBXProject section */

/* Begin PBXResourcesBuildPhase section */
		8E8DE849214B1388008E2FCC /* Resources */ = {
			isa = PBXResourcesBuildPhase;
			buildActionMask = 2147483647;
			files = (
				8E8DE859214B138B008E2FCC /* LaunchScreen.storyboard in Resources */,
				8E8DE86B214B14B6008E2FCC /* List.storyboard in Resources */,
				8E8DE856214B138B008E2FCC /* Assets.xcassets in Resources */,
				8E8DE875214B1776008E2FCC /* Detail.storyboard in Resources */,
				8E8DE889214B392C008E2FCC /* Create.storyboard in Resources */,
				8E8DE885214B261A008E2FCC /* ListCell.xib in Resources */,
			);
			runOnlyForDeploymentPostprocessing = 0;
		};
/* End PBXResourcesBuildPhase section */

/* Begin PBXSourcesBuildPhase section */
		8E8DE847214B1388008E2FCC /* Sources */ = {
			isa = PBXSourcesBuildPhase;
			buildActionMask = 2147483647;
			files = (
				8E8DE879214B17A5008E2FCC /* DetailPresenterView.swift in Sources */,
				8E8DE88B214B3945008E2FCC /* CreateController.swift in Sources */,
				8E8DE88F214B3960008E2FCC /* CreatePresenter.swift in Sources */,
				8E8DE891214B3968008E2FCC /* CreatePresenterRouter.swift in Sources */,
				8E8DE887214B2631008E2FCC /* ListCellPresenterView.swift in Sources */,
				8E8DE86F214B1505008E2FCC /* ListPresenterView.swift in Sources */,
				8E8DE84F214B1389008E2FCC /* AppDelegate.swift in Sources */,
				8E8DE87B214B17B3008E2FCC /* DetailPresenter.swift in Sources */,
				8E8DE873214B15BE008E2FCC /* ListPresenterRouter.swift in Sources */,
				8E8DE871214B15AB008E2FCC /* ListPresenter.swift in Sources */,
				8E8DE884214B261A008E2FCC /* ListCell.swift in Sources */,
				8E8DE877214B1790008E2FCC /* DetailController.swift in Sources */,
				8E8DE880214B2018008E2FCC /* ListService.swift in Sources */,
				8E8DE88D214B3956008E2FCC /* CreatePresenterView.swift in Sources */,
				8E8DE86D214B14F4008E2FCC /* ListController.swift in Sources */,
				8E8DE87D214B17C1008E2FCC /* DetailPresenterRouter.swift in Sources */,
			);
			runOnlyForDeploymentPostprocessing = 0;
		};
/* End PBXSourcesBuildPhase section */

/* Begin PBXVariantGroup section */
		8E8DE857214B138B008E2FCC /* LaunchScreen.storyboard */ = {
			isa = PBXVariantGroup;
			children = (
				8E8DE858214B138B008E2FCC /* Base */,
			);
			name = LaunchScreen.storyboard;
			sourceTree = "<group>";
		};
/* End PBXVariantGroup section */

/* Begin XCBuildConfiguration section */
		8E8DE85B214B138B008E2FCC /* Debug */ = {
			isa = XCBuildConfiguration;
			buildSettings = {
				ALWAYS_SEARCH_USER_PATHS = NO;
				CLANG_ANALYZER_NONNULL = YES;
				CLANG_ANALYZER_NUMBER_OBJECT_CONVERSION = YES_AGGRESSIVE;
				CLANG_CXX_LANGUAGE_STANDARD = "gnu++14";
				CLANG_CXX_LIBRARY = "libc++";
				CLANG_ENABLE_MODULES = YES;
				CLANG_ENABLE_OBJC_ARC = YES;
				CLANG_ENABLE_OBJC_WEAK = YES;
				CLANG_WARN_BLOCK_CAPTURE_AUTORELEASING = YES;
				CLANG_WARN_BOOL_CONVERSION = YES;
				CLANG_WARN_COMMA = YES;
				CLANG_WARN_CONSTANT_CONVERSION = YES;
				CLANG_WARN_DEPRECATED_OBJC_IMPLEMENTATIONS = YES;
				CLANG_WARN_DIRECT_OBJC_ISA_USAGE = YES_ERROR;
				CLANG_WARN_DOCUMENTATION_COMMENTS = YES;
				CLANG_WARN_EMPTY_BODY = YES;
				CLANG_WARN_ENUM_CONVERSION = YES;
				CLANG_WARN_INFINITE_RECURSION = YES;
				CLANG_WARN_INT_CONVERSION = YES;
				CLANG_WARN_NON_LITERAL_NULL_CONVERSION = YES;
				CLANG_WARN_OBJC_IMPLICIT_RETAIN_SELF = YES;
				CLANG_WARN_OBJC_LITERAL_CONVERSION = YES;
				CLANG_WARN_OBJC_ROOT_CLASS = YES_ERROR;
				CLANG_WARN_RANGE_LOOP_ANALYSIS = YES;
				CLANG_WARN_STRICT_PROTOTYPES = YES;
				CLANG_WARN_SUSPICIOUS_MOVE = YES;
				CLANG_WARN_UNGUARDED_AVAILABILITY = YES_AGGRESSIVE;
				CLANG_WARN_UNREACHABLE_CODE = YES;
				CLANG_WARN__DUPLICATE_METHOD_MATCH = YES;
				CODE_SIGN_IDENTITY = "iPhone Developer";
				COPY_PHASE_STRIP = NO;
				DEBUG_INFORMATION_FORMAT = dwarf;
				ENABLE_STRICT_OBJC_MSGSEND = YES;
				ENABLE_TESTABILITY = YES;
				GCC_C_LANGUAGE_STANDARD = gnu11;
				GCC_DYNAMIC_NO_PIC = NO;
				GCC_NO_COMMON_BLOCKS = YES;
				GCC_OPTIMIZATION_LEVEL = 0;
				GCC_PREPROCESSOR_DEFINITIONS = (
					"DEBUG=1",
					"$(inherited)",
				);
				GCC_WARN_64_TO_32_BIT_CONVERSION = YES;
				GCC_WARN_ABOUT_RETURN_TYPE = YES_ERROR;
				GCC_WARN_UNDECLARED_SELECTOR = YES;
				GCC_WARN_UNINITIALIZED_AUTOS = YES_AGGRESSIVE;
				GCC_WARN_UNUSED_FUNCTION = YES;
				GCC_WARN_UNUSED_VARIABLE = YES;
				IPHONEOS_DEPLOYMENT_TARGET = 11.4;
				MTL_ENABLE_DEBUG_INFO = YES;
				ONLY_ACTIVE_ARCH = YES;
				SDKROOT = iphoneos;
				SWIFT_ACTIVE_COMPILATION_CONDITIONS = DEBUG;
				SWIFT_OPTIMIZATION_LEVEL = "-Onone";
			};
			name = Debug;
		};
		8E8DE85C214B138B008E2FCC /* Release */ = {
			isa = XCBuildConfiguration;
			buildSettings = {
				ALWAYS_SEARCH_USER_PATHS = NO;
				CLANG_ANALYZER_NONNULL = YES;
				CLANG_ANALYZER_NUMBER_OBJECT_CONVERSION = YES_AGGRESSIVE;
				CLANG_CXX_LANGUAGE_STANDARD = "gnu++14";
				CLANG_CXX_LIBRARY = "libc++";
				CLANG_ENABLE_MODULES = YES;
				CLANG_ENABLE_OBJC_ARC = YES;
				CLANG_ENABLE_OBJC_WEAK = YES;
				CLANG_WARN_BLOCK_CAPTURE_AUTORELEASING = YES;
				CLANG_WARN_BOOL_CONVERSION = YES;
				CLANG_WARN_COMMA = YES;
				CLANG_WARN_CONSTANT_CONVERSION = YES;
				CLANG_WARN_DEPRECATED_OBJC_IMPLEMENTATIONS = YES;
				CLANG_WARN_DIRECT_OBJC_ISA_USAGE = YES_ERROR;
				CLANG_WARN_DOCUMENTATION_COMMENTS = YES;
				CLANG_WARN_EMPTY_BODY = YES;
				CLANG_WARN_ENUM_CONVERSION = YES;
				CLANG_WARN_INFINITE_RECURSION = YES;
				CLANG_WARN_INT_CONVERSION = YES;
				CLANG_WARN_NON_LITERAL_NULL_CONVERSION = YES;
				CLANG_WARN_OBJC_IMPLICIT_RETAIN_SELF = YES;
				CLANG_WARN_OBJC_LITERAL_CONVERSION = YES;
				CLANG_WARN_OBJC_ROOT_CLASS = YES_ERROR;
				CLANG_WARN_RANGE_LOOP_ANALYSIS = YES;
				CLANG_WARN_STRICT_PROTOTYPES = YES;
				CLANG_WARN_SUSPICIOUS_MOVE = YES;
				CLANG_WARN_UNGUARDED_AVAILABILITY = YES_AGGRESSIVE;
				CLANG_WARN_UNREACHABLE_CODE = YES;
				CLANG_WARN__DUPLICATE_METHOD_MATCH = YES;
				CODE_SIGN_IDENTITY = "iPhone Developer";
				COPY_PHASE_STRIP = NO;
				DEBUG_INFORMATION_FORMAT = "dwarf-with-dsym";
				ENABLE_NS_ASSERTIONS = NO;
				ENABLE_STRICT_OBJC_MSGSEND = YES;
				GCC_C_LANGUAGE_STANDARD = gnu11;
				GCC_NO_COMMON_BLOCKS = YES;
				GCC_WARN_64_TO_32_BIT_CONVERSION = YES;
				GCC_WARN_ABOUT_RETURN_TYPE = YES_ERROR;
				GCC_WARN_UNDECLARED_SELECTOR = YES;
				GCC_WARN_UNINITIALIZED_AUTOS = YES_AGGRESSIVE;
				GCC_WARN_UNUSED_FUNCTION = YES;
				GCC_WARN_UNUSED_VARIABLE = YES;
				IPHONEOS_DEPLOYMENT_TARGET = 11.4;
				MTL_ENABLE_DEBUG_INFO = NO;
				SDKROOT = iphoneos;
				SWIFT_COMPILATION_MODE = wholemodule;
				SWIFT_OPTIMIZATION_LEVEL = "-O";
				VALIDATE_PRODUCT = YES;
			};
			name = Release;
		};
		8E8DE85E214B138B008E2FCC /* Debug */ = {
			isa = XCBuildConfiguration;
			buildSettings = {
				ASSETCATALOG_COMPILER_APPICON_NAME = AppIcon;
				CODE_SIGN_STYLE = Automatic;
				DEVELOPMENT_TEAM = DZ369WUPH8;
				INFOPLIST_FILE = "mvp-example/Info.plist";
				LD_RUNPATH_SEARCH_PATHS = (
					"$(inherited)",
					"@executable_path/Frameworks",
				);
				PRODUCT_BUNDLE_IDENTIFIER = "br.com.mvp-example";
				PRODUCT_NAME = "$(TARGET_NAME)";
				SWIFT_VERSION = 4.0;
				TARGETED_DEVICE_FAMILY = "1,2";
			};
			name = Debug;
		};
		8E8DE85F214B138B008E2FCC /* Release */ = {
			isa = XCBuildConfiguration;
			buildSettings = {
				ASSETCATALOG_COMPILER_APPICON_NAME = AppIcon;
				CODE_SIGN_STYLE = Automatic;
				DEVELOPMENT_TEAM = DZ369WUPH8;
				INFOPLIST_FILE = "mvp-example/Info.plist";
				LD_RUNPATH_SEARCH_PATHS = (
					"$(inherited)",
					"@executable_path/Frameworks",
				);
				PRODUCT_BUNDLE_IDENTIFIER = "br.com.mvp-example";
				PRODUCT_NAME = "$(TARGET_NAME)";
				SWIFT_VERSION = 4.0;
				TARGETED_DEVICE_FAMILY = "1,2";
			};
			name = Release;
		};
/* End XCBuildConfiguration section */

/* Begin XCConfigurationList section */
		8E8DE846214B1388008E2FCC /* Build configuration list for PBXProject "mvp-example" */ = {
			isa = XCConfigurationList;
			buildConfigurations = (
				8E8DE85B214B138B008E2FCC /* Debug */,
				8E8DE85C214B138B008E2FCC /* Release */,
			);
			defaultConfigurationIsVisible = 0;
			defaultConfigurationName = Release;
		};
		8E8DE85D214B138B008E2FCC /* Build configuration list for PBXNativeTarget "mvp-example" */ = {
			isa = XCConfigurationList;
			buildConfigurations = (
				8E8DE85E214B138B008E2FCC /* Debug */,
				8E8DE85F214B138B008E2FCC /* Release */,
			);
			defaultConfigurationIsVisible = 0;
			defaultConfigurationName = Release;
		};
/* End XCConfigurationList section */
	};
	rootObject = 8E8DE843214B1388008E2FCC /* Project object */;
}
